
Microsoft Visual Studio Solution File, Format Version 11.00
# Visual Studio 2010
Project("{FAE04EC0-301F-11D3-BF4B-00C04F79EFBC}") = "Idiocy", "Idiocy\Idiocy.csproj", "{9FD5B3A9-51DA-462C-9C97-4DB1DD289739}"
EndProject
Project("{FAE04EC0-301F-11D3-BF4B-00C04F79EFBC}") = "Tests", "Tests\Tests.csproj", "{E64E4D56-AAAC-4E8F-8216-73793B60925E}"
EndProject
Global
	GlobalSection(SolutionConfigurationPlatforms) = preSolution
		Debug|Any CPU = Debug|Any CPU
		Release|Any CPU = Release|Any CPU
	EndGlobalSection
	GlobalSection(ProjectConfigurationPlatforms) = postSolution
		{9FD5B3A9-51DA-462C-9C97-4DB1DD289739}.Debug|Any CPU.ActiveCfg = Debug|Any CPU
		{9FD5B3A9-51DA-462C-9C97-4DB1DD289739}.Debug|Any CPU.Build.0 = Debug|Any CPU
		{9FD5B3A9-51DA-462C-9C97-4DB1DD289739}.Release|Any CPU.ActiveCfg = Release|Any CPU
		{9FD5B3A9-51DA-462C-9C97-4DB1DD289739}.Release|Any CPU.Build.0 = Release|Any CPU
		{E64E4D56-AAAC-4E8F-8216-73793B60925E}.Debug|Any CPU.ActiveCfg = Debug|Any CPU
		{E64E4D56-AAAC-4E8F-8216-73793B60925E}.Debug|Any CPU.Build.0 = Debug|Any CPU
		{E64E4D56-AAAC-4E8F-8216-73793B60925E}.Release|Any CPU.ActiveCfg = Release|Any CPU
		{E64E4D56-AAAC-4E8F-8216-73793B60925E}.Release|Any CPU.Build.0 = Release|Any CPU
	EndGlobalSection
	GlobalSection(SolutionProperties) = preSolution
		HideSolutionNode = FALSE
	EndGlobalSection
EndGlobal
